
Microsoft Visual Studio Solution File, Format Version 12.00
# Visual Studio Version 17
VisualStudioVersion = 17.4.33205.214
MinimumVisualStudioVersion = 10.0.40219.1
Project("{FAE04EC0-301F-11D3-BF4B-00C04F79EFBC}") = "FastTri", "FastTri\FastTri.csproj", "{2D68B196-96E0-437A-A44B-CE8429A2EBBC}"
EndProject
Global
	GlobalSection(SolutionConfigurationPlatforms) = preSolution
		Debug|Any CPU = Debug|Any CPU
		Release|Any CPU = Release|Any CPU
	EndGlobalSection
	GlobalSection(ProjectConfigurationPlatforms) = postSolution
		{2D68B196-96E0-437A-A44B-CE8429A2EBBC}.Debug|Any CPU.ActiveCfg = Debug|Any CPU
		{2D68B196-96E0-437A-A44B-CE8429A2EBBC}.Debug|Any CPU.Build.0 = Debug|Any CPU
		{2D68B196-96E0-437A-A44B-CE8429A2EBBC}.Release|Any CPU.ActiveCfg = Release|Any CPU
		{2D68B196-96E0-437A-A44B-CE8429A2EBBC}.Release|Any CPU.Build.0 = Release|Any CPU
	EndGlobalSection
	GlobalSection(SolutionProperties) = preSolution
		HideSolutionNode = FALSE
	EndGlobalSection
	GlobalSection(ExtensibilityGlobals) = postSolution
		SolutionGuid = {2DD78B30-AA9C-49F2-9C61-E0B07640E809}
	EndGlobalSection
EndGlobal
